// !$*UTF8*$!
{
	archiveVersion = 1;
	classes = {
	};
	objectVersion = 56;
	objects = {

/* Begin PBXBuildFile section */
		345FD2572AB4D82B0090419A /* AppDelegate.swift in Sources */ = {isa = PBXBuildFile; fileRef = 345FD2562AB4D82B0090419A /* AppDelegate.swift */; };
		345FD2592AB4D82B0090419A /* SceneDelegate.swift in Sources */ = {isa = PBXBuildFile; fileRef = 345FD2582AB4D82B0090419A /* SceneDelegate.swift */; };
		345FD25B2AB4D82B0090419A /* ViewController.swift in Sources */ = {isa = PBXBuildFile; fileRef = 345FD25A2AB4D82B0090419A /* ViewController.swift */; };
		345FD25E2AB4D82B0090419A /* Main.storyboard in Resources */ = {isa = PBXBuildFile; fileRef = 345FD25C2AB4D82B0090419A /* Main.storyboard */; };
		345FD2602AB4D82D0090419A /* Assets.xcassets in Resources */ = {isa = PBXBuildFile; fileRef = 345FD25F2AB4D82D0090419A /* Assets.xcassets */; };
		345FD2632AB4D82D0090419A /* LaunchScreen.storyboard in Resources */ = {isa = PBXBuildFile; fileRef = 345FD2612AB4D82D0090419A /* LaunchScreen.storyboard */; };
		345FD26E2AB4D82D0090419A /* TicTacToeTests.swift in Sources */ = {isa = PBXBuildFile; fileRef = 345FD26D2AB4D82D0090419A /* TicTacToeTests.swift */; };
		345FD2782AB4D82D0090419A /* TicTacToeUITests.swift in Sources */ = {isa = PBXBuildFile; fileRef = 345FD2772AB4D82D0090419A /* TicTacToeUITests.swift */; };
		345FD27A2AB4D82D0090419A /* TicTacToeUITestsLaunchTests.swift in Sources */ = {isa = PBXBuildFile; fileRef = 345FD2792AB4D82D0090419A /* TicTacToeUITestsLaunchTests.swift */; };
		345FD2872AB4D8F50090419A /* TicTacToe.swift in Sources */ = {isa = PBXBuildFile; fileRef = 345FD2862AB4D8F50090419A /* TicTacToe.swift */; };
/* End PBXBuildFile section */

/* Begin PBXContainerItemProxy section */
		345FD26A2AB4D82D0090419A /* PBXContainerItemProxy */ = {
			isa = PBXContainerItemProxy;
			containerPortal = 345FD24B2AB4D82B0090419A /* Project object */;
			proxyType = 1;
			remoteGlobalIDString = 345FD2522AB4D82B0090419A;
			remoteInfo = TicTacToe;
		};
		345FD2742AB4D82D0090419A /* PBXContainerItemProxy */ = {
			isa = PBXContainerItemProxy;
			containerPortal = 345FD24B2AB4D82B0090419A /* Project object */;
			proxyType = 1;
			remoteGlobalIDString = 345FD2522AB4D82B0090419A;
			remoteInfo = TicTacToe;
		};
/* End PBXContainerItemProxy section */

/* Begin PBXFileReference section */
		345FD2532AB4D82B0090419A /* TicTacToe.app */ = {isa = PBXFileReference; explicitFileType = wrapper.application; includeInIndex = 0; path = TicTacToe.app; sourceTree = BUILT_PRODUCTS_DIR; };
		345FD2562AB4D82B0090419A /* AppDelegate.swift */ = {isa = PBXFileReference; lastKnownFileType = sourcecode.swift; path = AppDelegate.swift; sourceTree = "<group>"; };
		345FD2582AB4D82B0090419A /* SceneDelegate.swift */ = {isa = PBXFileReference; lastKnownFileType = sourcecode.swift; path = SceneDelegate.swift; sourceTree = "<group>"; };
		345FD25A2AB4D82B0090419A /* ViewController.swift */ = {isa = PBXFileReference; lastKnownFileType = sourcecode.swift; path = ViewController.swift; sourceTree = "<group>"; };
		345FD25D2AB4D82B0090419A /* Base */ = {isa = PBXFileReference; lastKnownFileType = file.storyboard; name = Base; path = Base.lproj/Main.storyboard; sourceTree = "<group>"; };
		345FD25F2AB4D82D0090419A /* Assets.xcassets */ = {isa = PBXFileReference; lastKnownFileType = folder.assetcatalog; path = Assets.xcassets; sourceTree = "<group>"; };
		345FD2622AB4D82D0090419A /* Base */ = {isa = PBXFileReference; lastKnownFileType = file.storyboard; name = Base; path = Base.lproj/LaunchScreen.storyboard; sourceTree = "<group>"; };
		345FD2642AB4D82D0090419A /* Info.plist */ = {isa = PBXFileReference; lastKnownFileType = text.plist.xml; path = Info.plist; sourceTree = "<group>"; };
		345FD2692AB4D82D0090419A /* TicTacToeTests.xctest */ = {isa = PBXFileReference; explicitFileType = wrapper.cfbundle; includeInIndex = 0; path = TicTacToeTests.xctest; sourceTree = BUILT_PRODUCTS_DIR; };
		345FD26D2AB4D82D0090419A /* TicTacToeTests.swift */ = {isa = PBXFileReference; lastKnownFileType = sourcecode.swift; path = TicTacToeTests.swift; sourceTree = "<group>"; };
		345FD2732AB4D82D0090419A /* TicTacToeUITests.xctest */ = {isa = PBXFileReference; explicitFileType = wrapper.cfbundle; includeInIndex = 0; path = TicTacToeUITests.xctest; sourceTree = BUILT_PRODUCTS_DIR; };
		345FD2772AB4D82D0090419A /* TicTacToeUITests.swift */ = {isa = PBXFileReference; lastKnownFileType = sourcecode.swift; path = TicTacToeUITests.swift; sourceTree = "<group>"; };
		345FD2792AB4D82D0090419A /* TicTacToeUITestsLaunchTests.swift */ = {isa = PBXFileReference; lastKnownFileType = sourcecode.swift; path = TicTacToeUITestsLaunchTests.swift; sourceTree = "<group>"; };
		345FD2862AB4D8F50090419A /* TicTacToe.swift */ = {isa = PBXFileReference; lastKnownFileType = sourcecode.swift; path = TicTacToe.swift; sourceTree = "<group>"; };
/* End PBXFileReference section */

/* Begin PBXFrameworksBuildPhase section */
		345FD2502AB4D82B0090419A /* Frameworks */ = {
			isa = PBXFrameworksBuildPhase;
			buildActionMask = 2147483647;
			files = (
			);
			runOnlyForDeploymentPostprocessing = 0;
		};
		345FD2662AB4D82D0090419A /* Frameworks */ = {
			isa = PBXFrameworksBuildPhase;
			buildActionMask = 2147483647;
			files = (
			);
			runOnlyForDeploymentPostprocessing = 0;
		};
		345FD2702AB4D82D0090419A /* Frameworks */ = {
			isa = PBXFrameworksBuildPhase;
			buildActionMask = 2147483647;
			files = (
			);
			runOnlyForDeploymentPostprocessing = 0;
		};
/* End PBXFrameworksBuildPhase section */

/* Begin PBXGroup section */
		345FD24A2AB4D82B0090419A = {
			isa = PBXGroup;
			children = (
				345FD2552AB4D82B0090419A /* TicTacToe */,
				345FD26C2AB4D82D0090419A /* TicTacToeTests */,
				345FD2762AB4D82D0090419A /* TicTacToeUITests */,
				345FD2542AB4D82B0090419A /* Products */,
			);
			sourceTree = "<group>";
		};
		345FD2542AB4D82B0090419A /* Products */ = {
			isa = PBXGroup;
			children = (
				345FD2532AB4D82B0090419A /* TicTacToe.app */,
				345FD2692AB4D82D0090419A /* TicTacToeTests.xctest */,
				345FD2732AB4D82D0090419A /* TicTacToeUITests.xctest */,
			);
			name = Products;
			sourceTree = "<group>";
		};
		345FD2552AB4D82B0090419A /* TicTacToe */ = {
			isa = PBXGroup;
			children = (
				345FD2562AB4D82B0090419A /* AppDelegate.swift */,
				345FD2582AB4D82B0090419A /* SceneDelegate.swift */,
				345FD25A2AB4D82B0090419A /* ViewController.swift */,
				345FD25C2AB4D82B0090419A /* Main.storyboard */,
				345FD2862AB4D8F50090419A /* TicTacToe.swift */,
				345FD25F2AB4D82D0090419A /* Assets.xcassets */,
				345FD2612AB4D82D0090419A /* LaunchScreen.storyboard */,
				345FD2642AB4D82D0090419A /* Info.plist */,
			);
			path = TicTacToe;
			sourceTree = "<group>";
		};
		345FD26C2AB4D82D0090419A /* TicTacToeTests */ = {
			isa = PBXGroup;
			children = (
				345FD26D2AB4D82D0090419A /* TicTacToeTests.swift */,
			);
			path = TicTacToeTests;
			sourceTree = "<group>";
		};
		345FD2762AB4D82D0090419A /* TicTacToeUITests */ = {
			isa = PBXGroup;
			children = (
				345FD2772AB4D82D0090419A /* TicTacToeUITests.swift */,
				345FD2792AB4D82D0090419A /* TicTacToeUITestsLaunchTests.swift */,
			);
			path = TicTacToeUITests;
			sourceTree = "<group>";
		};
/* End PBXGroup section */

/* Begin PBXNativeTarget section */
		345FD2522AB4D82B0090419A /* TicTacToe */ = {
			isa = PBXNativeTarget;
			buildConfigurationList = 345FD27D2AB4D82D0090419A /* Build configuration list for PBXNativeTarget "TicTacToe" */;
			buildPhases = (
				345FD24F2AB4D82B0090419A /* Sources */,
				345FD2502AB4D82B0090419A /* Frameworks */,
				345FD2512AB4D82B0090419A /* Resources */,
			);
			buildRules = (
			);
			dependencies = (
			);
			name = TicTacToe;
			productName = TicTacToe;
			productReference = 345FD2532AB4D82B0090419A /* TicTacToe.app */;
			productType = "com.apple.product-type.application";
		};
		345FD2682AB4D82D0090419A /* TicTacToeTests */ = {
			isa = PBXNativeTarget;
			buildConfigurationList = 345FD2802AB4D82D0090419A /* Build configuration list for PBXNativeTarget "TicTacToeTests" */;
			buildPhases = (
				345FD2652AB4D82D0090419A /* Sources */,
				345FD2662AB4D82D0090419A /* Frameworks */,
				345FD2672AB4D82D0090419A /* Resources */,
			);
			buildRules = (
			);
			dependencies = (
				345FD26B2AB4D82D0090419A /* PBXTargetDependency */,
			);
			name = TicTacToeTests;
			productName = TicTacToeTests;
			productReference = 345FD2692AB4D82D0090419A /* TicTacToeTests.xctest */;
			productType = "com.apple.product-type.bundle.unit-test";
		};
		345FD2722AB4D82D0090419A /* TicTacToeUITests */ = {
			isa = PBXNativeTarget;
			buildConfigurationList = 345FD2832AB4D82D0090419A /* Build configuration list for PBXNativeTarget "TicTacToeUITests" */;
			buildPhases = (
				345FD26F2AB4D82D0090419A /* Sources */,
				345FD2702AB4D82D0090419A /* Frameworks */,
				345FD2712AB4D82D0090419A /* Resources */,
			);
			buildRules = (
			);
			dependencies = (
				345FD2752AB4D82D0090419A /* PBXTargetDependency */,
			);
			name = TicTacToeUITests;
			productName = TicTacToeUITests;
			productReference = 345FD2732AB4D82D0090419A /* TicTacToeUITests.xctest */;
			productType = "com.apple.product-type.bundle.ui-testing";
		};
/* End PBXNativeTarget section */

/* Begin PBXProject section */
		345FD24B2AB4D82B0090419A /* Project object */ = {
			isa = PBXProject;
			attributes = {
				BuildIndependentTargetsInParallel = 1;
				LastSwiftUpdateCheck = 1430;
				LastUpgradeCheck = 1430;
				TargetAttributes = {
					345FD2522AB4D82B0090419A = {
						CreatedOnToolsVersion = 14.3.1;
					};
					345FD2682AB4D82D0090419A = {
						CreatedOnToolsVersion = 14.3.1;
						TestTargetID = 345FD2522AB4D82B0090419A;
					};
					345FD2722AB4D82D0090419A = {
						CreatedOnToolsVersion = 14.3.1;
						TestTargetID = 345FD2522AB4D82B0090419A;
					};
				};
			};
			buildConfigurationList = 345FD24E2AB4D82B0090419A /* Build configuration list for PBXProject "TicTacToe" */;
			compatibilityVersion = "Xcode 14.0";
			developmentRegion = en;
			hasScannedForEncodings = 0;
			knownRegions = (
				en,
				Base,
			);
			mainGroup = 345FD24A2AB4D82B0090419A;
			productRefGroup = 345FD2542AB4D82B0090419A /* Products */;
			projectDirPath = "";
			projectRoot = "";
			targets = (
				345FD2522AB4D82B0090419A /* TicTacToe */,
				345FD2682AB4D82D0090419A /* TicTacToeTests */,
				345FD2722AB4D82D0090419A /* TicTacToeUITests */,
			);
		};
/* End PBXProject section */

/* Begin PBXResourcesBuildPhase section */
		345FD2512AB4D82B0090419A /* Resources */ = {
			isa = PBXResourcesBuildPhase;
			buildActionMask = 2147483647;
			files = (
				345FD2632AB4D82D0090419A /* LaunchScreen.storyboard in Resources */,
				345FD2602AB4D82D0090419A /* Assets.xcassets in Resources */,
				345FD25E2AB4D82B0090419A /* Main.storyboard in Resources */,
			);
			runOnlyForDeploymentPostprocessing = 0;
		};
		345FD2672AB4D82D0090419A /* Resources */ = {
			isa = PBXResourcesBuildPhase;
			buildActionMask = 2147483647;
			files = (
			);
			runOnlyForDeploymentPostprocessing = 0;
		};
		345FD2712AB4D82D0090419A /* Resources */ = {
			isa = PBXResourcesBuildPhase;
			buildActionMask = 2147483647;
			files = (
			);
			runOnlyForDeploymentPostprocessing = 0;
		};
/* End PBXResourcesBuildPhase section */

/* Begin PBXSourcesBuildPhase section */
		345FD24F2AB4D82B0090419A /* Sources */ = {
			isa = PBXSourcesBuildPhase;
			buildActionMask = 2147483647;
			files = (
				345FD25B2AB4D82B0090419A /* ViewController.swift in Sources */,
				345FD2572AB4D82B0090419A /* AppDelegate.swift in Sources */,
				345FD2872AB4D8F50090419A /* TicTacToe.swift in Sources */,
				345FD2592AB4D82B0090419A /* SceneDelegate.swift in Sources */,
			);
			runOnlyForDeploymentPostprocessing = 0;
		};
		345FD2652AB4D82D0090419A /* Sources */ = {
			isa = PBXSourcesBuildPhase;
			buildActionMask = 2147483647;
			files = (
				345FD26E2AB4D82D0090419A /* TicTacToeTests.swift in Sources */,
			);
			runOnlyForDeploymentPostprocessing = 0;
		};
		345FD26F2AB4D82D0090419A /* Sources */ = {
			isa = PBXSourcesBuildPhase;
			buildActionMask = 2147483647;
			files = (
				345FD2782AB4D82D0090419A /* TicTacToeUITests.swift in Sources */,
				345FD27A2AB4D82D0090419A /* TicTacToeUITestsLaunchTests.swift in Sources */,
			);
			runOnlyForDeploymentPostprocessing = 0;
		};
/* End PBXSourcesBuildPhase section */

/* Begin PBXTargetDependency section */
		345FD26B2AB4D82D0090419A /* PBXTargetDependency */ = {
			isa = PBXTargetDependency;
			target = 345FD2522AB4D82B0090419A /* TicTacToe */;
			targetProxy = 345FD26A2AB4D82D0090419A /* PBXContainerItemProxy */;
		};
		345FD2752AB4D82D0090419A /* PBXTargetDependency */ = {
			isa = PBXTargetDependency;
			target = 345FD2522AB4D82B0090419A /* TicTacToe */;
			targetProxy = 345FD2742AB4D82D0090419A /* PBXContainerItemProxy */;
		};
/* End PBXTargetDependency section */

/* Begin PBXVariantGroup section */
		345FD25C2AB4D82B0090419A /* Main.storyboard */ = {
			isa = PBXVariantGroup;
			children = (
				345FD25D2AB4D82B0090419A /* Base */,
			);
			name = Main.storyboard;
			sourceTree = "<group>";
		};
		345FD2612AB4D82D0090419A /* LaunchScreen.storyboard */ = {
			isa = PBXVariantGroup;
			children = (
				345FD2622AB4D82D0090419A /* Base */,
			);
			name = LaunchScreen.storyboard;
			sourceTree = "<group>";
		};
/* End PBXVariantGroup section */

/* Begin XCBuildConfiguration section */
		345FD27B2AB4D82D0090419A /* Debug */ = {
			isa = XCBuildConfiguration;
			buildSettings = {
				ALWAYS_SEARCH_USER_PATHS = NO;
				CLANG_ANALYZER_NONNULL = YES;
				CLANG_ANALYZER_NUMBER_OBJECT_CONVERSION = YES_AGGRESSIVE;
				CLANG_CXX_LANGUAGE_STANDARD = "gnu++20";
				CLANG_ENABLE_MODULES = YES;
				CLANG_ENABLE_OBJC_ARC = YES;
				CLANG_ENABLE_OBJC_WEAK = YES;
				CLANG_WARN_BLOCK_CAPTURE_AUTORELEASING = YES;
				CLANG_WARN_BOOL_CONVERSION = YES;
				CLANG_WARN_COMMA = YES;
				CLANG_WARN_CONSTANT_CONVERSION = YES;
				CLANG_WARN_DEPRECATED_OBJC_IMPLEMENTATIONS = YES;
				CLANG_WARN_DIRECT_OBJC_ISA_USAGE = YES_ERROR;
				CLANG_WARN_DOCUMENTATION_COMMENTS = YES;
				CLANG_WARN_EMPTY_BODY = YES;
				CLANG_WARN_ENUM_CONVERSION = YES;
				CLANG_WARN_INFINITE_RECURSION = YES;
				CLANG_WARN_INT_CONVERSION = YES;
				CLANG_WARN_NON_LITERAL_NULL_CONVERSION = YES;
				CLANG_WARN_OBJC_IMPLICIT_RETAIN_SELF = YES;
				CLANG_WARN_OBJC_LITERAL_CONVERSION = YES;
				CLANG_WARN_OBJC_ROOT_CLASS = YES_ERROR;
				CLANG_WARN_QUOTED_INCLUDE_IN_FRAMEWORK_HEADER = YES;
				CLANG_WARN_RANGE_LOOP_ANALYSIS = YES;
				CLANG_WARN_STRICT_PROTOTYPES = YES;
				CLANG_WARN_SUSPICIOUS_MOVE = YES;
				CLANG_WARN_UNGUARDED_AVAILABILITY = YES_AGGRESSIVE;
				CLANG_WARN_UNREACHABLE_CODE = YES;
				CLANG_WARN__DUPLICATE_METHOD_MATCH = YES;
				COPY_PHASE_STRIP = NO;
				DEBUG_INFORMATION_FORMAT = dwarf;
				ENABLE_STRICT_OBJC_MSGSEND = YES;
				ENABLE_TESTABILITY = YES;
				GCC_C_LANGUAGE_STANDARD = gnu11;
				GCC_DYNAMIC_NO_PIC = NO;
				GCC_NO_COMMON_BLOCKS = YES;
				GCC_OPTIMIZATION_LEVEL = 0;
				GCC_PREPROCESSOR_DEFINITIONS = (
					"DEBUG=1",
					"$(inherited)",
				);
				GCC_WARN_64_TO_32_BIT_CONVERSION = YES;
				GCC_WARN_ABOUT_RETURN_TYPE = YES_ERROR;
				GCC_WARN_UNDECLARED_SELECTOR = YES;
				GCC_WARN_UNINITIALIZED_AUTOS = YES_AGGRESSIVE;
				GCC_WARN_UNUSED_FUNCTION = YES;
				GCC_WARN_UNUSED_VARIABLE = YES;
				IPHONEOS_DEPLOYMENT_TARGET = 16.4;
				MTL_ENABLE_DEBUG_INFO = INCLUDE_SOURCE;
				MTL_FAST_MATH = YES;
				ONLY_ACTIVE_ARCH = YES;
				SDKROOT = iphoneos;
				SWIFT_ACTIVE_COMPILATION_CONDITIONS = DEBUG;
				SWIFT_OPTIMIZATION_LEVEL = "-Onone";
			};
			name = Debug;
		};
		345FD27C2AB4D82D0090419A /* Release */ = {
			isa = XCBuildConfiguration;
			buildSettings = {
				ALWAYS_SEARCH_USER_PATHS = NO;
				CLANG_ANALYZER_NONNULL = YES;
				CLANG_ANALYZER_NUMBER_OBJECT_CONVERSION = YES_AGGRESSIVE;
				CLANG_CXX_LANGUAGE_STANDARD = "gnu++20";
				CLANG_ENABLE_MODULES = YES;
				CLANG_ENABLE_OBJC_ARC = YES;
				CLANG_ENABLE_OBJC_WEAK = YES;
				CLANG_WARN_BLOCK_CAPTURE_AUTORELEASING = YES;
				CLANG_WARN_BOOL_CONVERSION = YES;
				CLANG_WARN_COMMA = YES;
				CLANG_WARN_CONSTANT_CONVERSION = YES;
				CLANG_WARN_DEPRECATED_OBJC_IMPLEMENTATIONS = YES;
				CLANG_WARN_DIRECT_OBJC_ISA_USAGE = YES_ERROR;
				CLANG_WARN_DOCUMENTATION_COMMENTS = YES;
				CLANG_WARN_EMPTY_BODY = YES;
				CLANG_WARN_ENUM_CONVERSION = YES;
				CLANG_WARN_INFINITE_RECURSION = YES;
				CLANG_WARN_INT_CONVERSION = YES;
				CLANG_WARN_NON_LITERAL_NULL_CONVERSION = YES;
				CLANG_WARN_OBJC_IMPLICIT_RETAIN_SELF = YES;
				CLANG_WARN_OBJC_LITERAL_CONVERSION = YES;
				CLANG_WARN_OBJC_ROOT_CLASS = YES_ERROR;
				CLANG_WARN_QUOTED_INCLUDE_IN_FRAMEWORK_HEADER = YES;
				CLANG_WARN_RANGE_LOOP_ANALYSIS = YES;
				CLANG_WARN_STRICT_PROTOTYPES = YES;
				CLANG_WARN_SUSPICIOUS_MOVE = YES;
				CLANG_WARN_UNGUARDED_AVAILABILITY = YES_AGGRESSIVE;
				CLANG_WARN_UNREACHABLE_CODE = YES;
				CLANG_WARN__DUPLICATE_METHOD_MATCH = YES;
				COPY_PHASE_STRIP = NO;
				DEBUG_INFORMATION_FORMAT = "dwarf-with-dsym";
				ENABLE_NS_ASSERTIONS = NO;
				ENABLE_STRICT_OBJC_MSGSEND = YES;
				GCC_C_LANGUAGE_STANDARD = gnu11;
				GCC_NO_COMMON_BLOCKS = YES;
				GCC_WARN_64_TO_32_BIT_CONVERSION = YES;
				GCC_WARN_ABOUT_RETURN_TYPE = YES_ERROR;
				GCC_WARN_UNDECLARED_SELECTOR = YES;
				GCC_WARN_UNINITIALIZED_AUTOS = YES_AGGRESSIVE;
				GCC_WARN_UNUSED_FUNCTION = YES;
				GCC_WARN_UNUSED_VARIABLE = YES;
				IPHONEOS_DEPLOYMENT_TARGET = 16.4;
				MTL_ENABLE_DEBUG_INFO = NO;
				MTL_FAST_MATH = YES;
				SDKROOT = iphoneos;
				SWIFT_COMPILATION_MODE = wholemodule;
				SWIFT_OPTIMIZATION_LEVEL = "-O";
				VALIDATE_PRODUCT = YES;
			};
			name = Release;
		};
		345FD27E2AB4D82D0090419A /* Debug */ = {
			isa = XCBuildConfiguration;
			buildSettings = {
				ASSETCATALOG_COMPILER_APPICON_NAME = AppIcon;
				ASSETCATALOG_COMPILER_GLOBAL_ACCENT_COLOR_NAME = AccentColor;
				CODE_SIGN_STYLE = Automatic;
				CURRENT_PROJECT_VERSION = 1;
				GENERATE_INFOPLIST_FILE = YES;
				INFOPLIST_FILE = TicTacToe/Info.plist;
				INFOPLIST_KEY_UIApplicationSupportsIndirectInputEvents = YES;
				INFOPLIST_KEY_UILaunchStoryboardName = LaunchScreen;
				INFOPLIST_KEY_UIMainStoryboardFile = Main;
				INFOPLIST_KEY_UISupportedInterfaceOrientations_iPad = "UIInterfaceOrientationPortrait UIInterfaceOrientationPortraitUpsideDown UIInterfaceOrientationLandscapeLeft UIInterfaceOrientationLandscapeRight";
				INFOPLIST_KEY_UISupportedInterfaceOrientations_iPhone = "UIInterfaceOrientationPortrait UIInterfaceOrientationLandscapeLeft UIInterfaceOrientationLandscapeRight";
				LD_RUNPATH_SEARCH_PATHS = (
					"$(inherited)",
					"@executable_path/Frameworks",
				);
				MARKETING_VERSION = 1.0;
				PRODUCT_BUNDLE_IDENTIFIER = com.Example.TicTacToe;
				PRODUCT_NAME = "$(TARGET_NAME)";
				SWIFT_EMIT_LOC_STRINGS = YES;
				SWIFT_VERSION = 5.0;
				TARGETED_DEVICE_FAMILY = "1,2";
			};
			name = Debug;
		};
		345FD27F2AB4D82D0090419A /* Release */ = {
			isa = XCBuildConfiguration;
			buildSettings = {
				ASSETCATALOG_COMPILER_APPICON_NAME = AppIcon;
				ASSETCATALOG_COMPILER_GLOBAL_ACCENT_COLOR_NAME = AccentColor;
				CODE_SIGN_STYLE = Automatic;
				CURRENT_PROJECT_VERSION = 1;
				GENERATE_INFOPLIST_FILE = YES;
				INFOPLIST_FILE = TicTacToe/Info.plist;
				INFOPLIST_KEY_UIApplicationSupportsIndirectInputEvents = YES;
				INFOPLIST_KEY_UILaunchStoryboardName = LaunchScreen;
				INFOPLIST_KEY_UIMainStoryboardFile = Main;
				INFOPLIST_KEY_UISupportedInterfaceOrientations_iPad = "UIInterfaceOrientationPortrait UIInterfaceOrientationPortraitUpsideDown UIInterfaceOrientationLandscapeLeft UIInterfaceOrientationLandscapeRight";
				INFOPLIST_KEY_UISupportedInterfaceOrientations_iPhone = "UIInterfaceOrientationPortrait UIInterfaceOrientationLandscapeLeft UIInterfaceOrientationLandscapeRight";
				LD_RUNPATH_SEARCH_PATHS = (
					"$(inherited)",
					"@executable_path/Frameworks",
				);
				MARKETING_VERSION = 1.0;
				PRODUCT_BUNDLE_IDENTIFIER = com.Example.TicTacToe;
				PRODUCT_NAME = "$(TARGET_NAME)";
				SWIFT_EMIT_LOC_STRINGS = YES;
				SWIFT_VERSION = 5.0;
				TARGETED_DEVICE_FAMILY = "1,2";
			};
			name = Release;
		};
		345FD2812AB4D82D0090419A /* Debug */ = {
			isa = XCBuildConfiguration;
			buildSettings = {
				ALWAYS_EMBED_SWIFT_STANDARD_LIBRARIES = YES;
				BUNDLE_LOADER = "$(TEST_HOST)";
				CODE_SIGN_STYLE = Automatic;
				CURRENT_PROJECT_VERSION = 1;
				GENERATE_INFOPLIST_FILE = YES;
				IPHONEOS_DEPLOYMENT_TARGET = 16.4;
				MARKETING_VERSION = 1.0;
				PRODUCT_BUNDLE_IDENTIFIER = com.Example.TicTacToeTests;
				PRODUCT_NAME = "$(TARGET_NAME)";
				SWIFT_EMIT_LOC_STRINGS = NO;
				SWIFT_VERSION = 5.0;
				TARGETED_DEVICE_FAMILY = "1,2";
				TEST_HOST = "$(BUILT_PRODUCTS_DIR)/TicTacToe.app/$(BUNDLE_EXECUTABLE_FOLDER_PATH)/TicTacToe";
			};
			name = Debug;
		};
		345FD2822AB4D82D0090419A /* Release */ = {
			isa = XCBuildConfiguration;
			buildSettings = {
				ALWAYS_EMBED_SWIFT_STANDARD_LIBRARIES = YES;
				BUNDLE_LOADER = "$(TEST_HOST)";
				CODE_SIGN_STYLE = Automatic;
				CURRENT_PROJECT_VERSION = 1;
				GENERATE_INFOPLIST_FILE = YES;
				IPHONEOS_DEPLOYMENT_TARGET = 16.4;
				MARKETING_VERSION = 1.0;
				PRODUCT_BUNDLE_IDENTIFIER = com.Example.TicTacToeTests;
				PRODUCT_NAME = "$(TARGET_NAME)";
				SWIFT_EMIT_LOC_STRINGS = NO;
				SWIFT_VERSION = 5.0;
				TARGETED_DEVICE_FAMILY = "1,2";
				TEST_HOST = "$(BUILT_PRODUCTS_DIR)/TicTacToe.app/$(BUNDLE_EXECUTABLE_FOLDER_PATH)/TicTacToe";
			};
			name = Release;
		};
		345FD2842AB4D82D0090419A /* Debug */ = {
			isa = XCBuildConfiguration;
			buildSettings = {
				ALWAYS_EMBED_SWIFT_STANDARD_LIBRARIES = YES;
				CODE_SIGN_STYLE = Automatic;
				CURRENT_PROJECT_VERSION = 1;
				GENERATE_INFOPLIST_FILE = YES;
				MARKETING_VERSION = 1.0;
				PRODUCT_BUNDLE_IDENTIFIER = com.Example.TicTacToeUITests;
				PRODUCT_NAME = "$(TARGET_NAME)";
				SWIFT_EMIT_LOC_STRINGS = NO;
				SWIFT_VERSION = 5.0;
				TARGETED_DEVICE_FAMILY = "1,2";
				TEST_TARGET_NAME = TicTacToe;
			};
			name = Debug;
		};
		345FD2852AB4D82D0090419A /* Release */ = {
			isa = XCBuildConfiguration;
			buildSettings = {
				ALWAYS_EMBED_SWIFT_STANDARD_LIBRARIES = YES;
				CODE_SIGN_STYLE = Automatic;
				CURRENT_PROJECT_VERSION = 1;
				GENERATE_INFOPLIST_FILE = YES;
				MARKETING_VERSION = 1.0;
				PRODUCT_BUNDLE_IDENTIFIER = com.Example.TicTacToeUITests;
				PRODUCT_NAME = "$(TARGET_NAME)";
				SWIFT_EMIT_LOC_STRINGS = NO;
				SWIFT_VERSION = 5.0;
				TARGETED_DEVICE_FAMILY = "1,2";
				TEST_TARGET_NAME = TicTacToe;
			};
			name = Release;
		};
/* End XCBuildConfiguration section */

/* Begin XCConfigurationList section */
		345FD24E2AB4D82B0090419A /* Build configuration list for PBXProject "TicTacToe" */ = {
			isa = XCConfigurationList;
			buildConfigurations = (
				345FD27B2AB4D82D0090419A /* Debug */,
				345FD27C2AB4D82D0090419A /* Release */,
			);
			defaultConfigurationIsVisible = 0;
			defaultConfigurationName = Release;
		};
		345FD27D2AB4D82D0090419A /* Build configuration list for PBXNativeTarget "TicTacToe" */ = {
			isa = XCConfigurationList;
			buildConfigurations = (
				345FD27E2AB4D82D0090419A /* Debug */,
				345FD27F2AB4D82D0090419A /* Release */,
			);
			defaultConfigurationIsVisible = 0;
			defaultConfigurationName = Release;
		};
		345FD2802AB4D82D0090419A /* Build configuration list for PBXNativeTarget "TicTacToeTests" */ = {
			isa = XCConfigurationList;
			buildConfigurations = (
				345FD2812AB4D82D0090419A /* Debug */,
				345FD2822AB4D82D0090419A /* Release */,
			);
			defaultConfigurationIsVisible = 0;
			defaultConfigurationName = Release;
		};
		345FD2832AB4D82D0090419A /* Build configuration list for PBXNativeTarget "TicTacToeUITests" */ = {
			isa = XCConfigurationList;
			buildConfigurations = (
				345FD2842AB4D82D0090419A /* Debug */,
				345FD2852AB4D82D0090419A /* Release */,
			);
			defaultConfigurationIsVisible = 0;
			defaultConfigurationName = Release;
		};
/* End XCConfigurationList section */
	};
	rootObject = 345FD24B2AB4D82B0090419A /* Project object */;
}
