// !$*UTF8*$!
{
	archiveVersion = 1;
	classes = {
	};
	objectVersion = 56;
	objects = {

/* Begin PBXBuildFile section */
		342522552B6ADE5B006814B9 /* ResultsViewController.swift in Sources */ = {isa = PBXBuildFile; fileRef = 342522542B6ADE5B006814B9 /* ResultsViewController.swift */; };
		346109AC2B586B8F00D02B7D /* AppDelegate.swift in Sources */ = {isa = PBXBuildFile; fileRef = 346109AB2B586B8F00D02B7D /* AppDelegate.swift */; };
		346109AE2B586B8F00D02B7D /* SceneDelegate.swift in Sources */ = {isa = PBXBuildFile; fileRef = 346109AD2B586B8F00D02B7D /* SceneDelegate.swift */; };
		346109B02B586B8F00D02B7D /* ViewController.swift in Sources */ = {isa = PBXBuildFile; fileRef = 346109AF2B586B8F00D02B7D /* ViewController.swift */; };
		346109B32B586B8F00D02B7D /* Main.storyboard in Resources */ = {isa = PBXBuildFile; fileRef = 346109B12B586B8F00D02B7D /* Main.storyboard */; };
		346109B52B586B9000D02B7D /* Assets.xcassets in Resources */ = {isa = PBXBuildFile; fileRef = 346109B42B586B9000D02B7D /* Assets.xcassets */; };
		346109B82B586B9000D02B7D /* LaunchScreen.storyboard in Resources */ = {isa = PBXBuildFile; fileRef = 346109B62B586B9000D02B7D /* LaunchScreen.storyboard */; };
		346109C32B586B9100D02B7D /* TriviaTests.swift in Sources */ = {isa = PBXBuildFile; fileRef = 346109C22B586B9100D02B7D /* TriviaTests.swift */; };
		346109CD2B586B9100D02B7D /* TriviaUITests.swift in Sources */ = {isa = PBXBuildFile; fileRef = 346109CC2B586B9100D02B7D /* TriviaUITests.swift */; };
		346109CF2B586B9100D02B7D /* TriviaUITestsLaunchTests.swift in Sources */ = {isa = PBXBuildFile; fileRef = 346109CE2B586B9100D02B7D /* TriviaUITestsLaunchTests.swift */; };
		34A09EC42B62F17D0003C62A /* TriviaViewController.swift in Sources */ = {isa = PBXBuildFile; fileRef = 34A09EC32B62F17D0003C62A /* TriviaViewController.swift */; };
		34DDB4792B5B02DD00A7CED1 /* Trivia.swift in Sources */ = {isa = PBXBuildFile; fileRef = 34DDB4782B5B02DD00A7CED1 /* Trivia.swift */; };
/* End PBXBuildFile section */

/* Begin PBXContainerItemProxy section */
		346109BF2B586B9100D02B7D /* PBXContainerItemProxy */ = {
			isa = PBXContainerItemProxy;
			containerPortal = 346109A02B586B8F00D02B7D /* Project object */;
			proxyType = 1;
			remoteGlobalIDString = 346109A72B586B8F00D02B7D;
			remoteInfo = Trivia;
		};
		346109C92B586B9100D02B7D /* PBXContainerItemProxy */ = {
			isa = PBXContainerItemProxy;
			containerPortal = 346109A02B586B8F00D02B7D /* Project object */;
			proxyType = 1;
			remoteGlobalIDString = 346109A72B586B8F00D02B7D;
			remoteInfo = Trivia;
		};
/* End PBXContainerItemProxy section */

/* Begin PBXFileReference section */
		342522542B6ADE5B006814B9 /* ResultsViewController.swift */ = {isa = PBXFileReference; lastKnownFileType = sourcecode.swift; path = ResultsViewController.swift; sourceTree = "<group>"; };
		346109A82B586B8F00D02B7D /* Trivia.app */ = {isa = PBXFileReference; explicitFileType = wrapper.application; includeInIndex = 0; path = Trivia.app; sourceTree = BUILT_PRODUCTS_DIR; };
		346109AB2B586B8F00D02B7D /* AppDelegate.swift */ = {isa = PBXFileReference; lastKnownFileType = sourcecode.swift; path = AppDelegate.swift; sourceTree = "<group>"; };
		346109AD2B586B8F00D02B7D /* SceneDelegate.swift */ = {isa = PBXFileReference; lastKnownFileType = sourcecode.swift; path = SceneDelegate.swift; sourceTree = "<group>"; };
		346109AF2B586B8F00D02B7D /* ViewController.swift */ = {isa = PBXFileReference; lastKnownFileType = sourcecode.swift; path = ViewController.swift; sourceTree = "<group>"; };
		346109B22B586B8F00D02B7D /* Base */ = {isa = PBXFileReference; lastKnownFileType = file.storyboard; name = Base; path = Base.lproj/Main.storyboard; sourceTree = "<group>"; };
		346109B42B586B9000D02B7D /* Assets.xcassets */ = {isa = PBXFileReference; lastKnownFileType = folder.assetcatalog; path = Assets.xcassets; sourceTree = "<group>"; };
		346109B72B586B9000D02B7D /* Base */ = {isa = PBXFileReference; lastKnownFileType = file.storyboard; name = Base; path = Base.lproj/LaunchScreen.storyboard; sourceTree = "<group>"; };
		346109B92B586B9000D02B7D /* Info.plist */ = {isa = PBXFileReference; lastKnownFileType = text.plist.xml; path = Info.plist; sourceTree = "<group>"; };
		346109BE2B586B9100D02B7D /* TriviaTests.xctest */ = {isa = PBXFileReference; explicitFileType = wrapper.cfbundle; includeInIndex = 0; path = TriviaTests.xctest; sourceTree = BUILT_PRODUCTS_DIR; };
		346109C22B586B9100D02B7D /* TriviaTests.swift */ = {isa = PBXFileReference; lastKnownFileType = sourcecode.swift; path = TriviaTests.swift; sourceTree = "<group>"; };
		346109C82B586B9100D02B7D /* TriviaUITests.xctest */ = {isa = PBXFileReference; explicitFileType = wrapper.cfbundle; includeInIndex = 0; path = TriviaUITests.xctest; sourceTree = BUILT_PRODUCTS_DIR; };
		346109CC2B586B9100D02B7D /* TriviaUITests.swift */ = {isa = PBXFileReference; lastKnownFileType = sourcecode.swift; path = TriviaUITests.swift; sourceTree = "<group>"; };
		346109CE2B586B9100D02B7D /* TriviaUITestsLaunchTests.swift */ = {isa = PBXFileReference; lastKnownFileType = sourcecode.swift; path = TriviaUITestsLaunchTests.swift; sourceTree = "<group>"; };
		34A09EC32B62F17D0003C62A /* TriviaViewController.swift */ = {isa = PBXFileReference; lastKnownFileType = sourcecode.swift; path = TriviaViewController.swift; sourceTree = "<group>"; };
		34DDB4782B5B02DD00A7CED1 /* Trivia.swift */ = {isa = PBXFileReference; lastKnownFileType = sourcecode.swift; path = Trivia.swift; sourceTree = "<group>"; };
/* End PBXFileReference section */

/* Begin PBXFrameworksBuildPhase section */
		346109A52B586B8F00D02B7D /* Frameworks */ = {
			isa = PBXFrameworksBuildPhase;
			buildActionMask = 2147483647;
			files = (
			);
			runOnlyForDeploymentPostprocessing = 0;
		};
		346109BB2B586B9100D02B7D /* Frameworks */ = {
			isa = PBXFrameworksBuildPhase;
			buildActionMask = 2147483647;
			files = (
			);
			runOnlyForDeploymentPostprocessing = 0;
		};
		346109C52B586B9100D02B7D /* Frameworks */ = {
			isa = PBXFrameworksBuildPhase;
			buildActionMask = 2147483647;
			files = (
			);
			runOnlyForDeploymentPostprocessing = 0;
		};
/* End PBXFrameworksBuildPhase section */

/* Begin PBXGroup section */
		3461099F2B586B8F00D02B7D = {
			isa = PBXGroup;
			children = (
				342522542B6ADE5B006814B9 /* ResultsViewController.swift */,
				346109AA2B586B8F00D02B7D /* Trivia */,
				346109C12B586B9100D02B7D /* TriviaTests */,
				346109CB2B586B9100D02B7D /* TriviaUITests */,
				346109A92B586B8F00D02B7D /* Products */,
			);
			sourceTree = "<group>";
		};
		346109A92B586B8F00D02B7D /* Products */ = {
			isa = PBXGroup;
			children = (
				346109A82B586B8F00D02B7D /* Trivia.app */,
				346109BE2B586B9100D02B7D /* TriviaTests.xctest */,
				346109C82B586B9100D02B7D /* TriviaUITests.xctest */,
			);
			name = Products;
			sourceTree = "<group>";
		};
		346109AA2B586B8F00D02B7D /* Trivia */ = {
			isa = PBXGroup;
			children = (
				346109AB2B586B8F00D02B7D /* AppDelegate.swift */,
				346109AD2B586B8F00D02B7D /* SceneDelegate.swift */,
				346109AF2B586B8F00D02B7D /* ViewController.swift */,
				346109B12B586B8F00D02B7D /* Main.storyboard */,
				34DDB4782B5B02DD00A7CED1 /* Trivia.swift */,
				346109B42B586B9000D02B7D /* Assets.xcassets */,
				34A09EC32B62F17D0003C62A /* TriviaViewController.swift */,
				346109B62B586B9000D02B7D /* LaunchScreen.storyboard */,
				346109B92B586B9000D02B7D /* Info.plist */,
			);
			path = Trivia;
			sourceTree = "<group>";
		};
		346109C12B586B9100D02B7D /* TriviaTests */ = {
			isa = PBXGroup;
			children = (
				346109C22B586B9100D02B7D /* TriviaTests.swift */,
			);
			path = TriviaTests;
			sourceTree = "<group>";
		};
		346109CB2B586B9100D02B7D /* TriviaUITests */ = {
			isa = PBXGroup;
			children = (
				346109CC2B586B9100D02B7D /* TriviaUITests.swift */,
				346109CE2B586B9100D02B7D /* TriviaUITestsLaunchTests.swift */,
			);
			path = TriviaUITests;
			sourceTree = "<group>";
		};
/* End PBXGroup section */

/* Begin PBXNativeTarget section */
		346109A72B586B8F00D02B7D /* Trivia */ = {
			isa = PBXNativeTarget;
			buildConfigurationList = 346109D22B586B9100D02B7D /* Build configuration list for PBXNativeTarget "Trivia" */;
			buildPhases = (
				346109A42B586B8F00D02B7D /* Sources */,
				346109A52B586B8F00D02B7D /* Frameworks */,
				346109A62B586B8F00D02B7D /* Resources */,
			);
			buildRules = (
			);
			dependencies = (
			);
			name = Trivia;
			productName = Trivia;
			productReference = 346109A82B586B8F00D02B7D /* Trivia.app */;
			productType = "com.apple.product-type.application";
		};
		346109BD2B586B9100D02B7D /* TriviaTests */ = {
			isa = PBXNativeTarget;
			buildConfigurationList = 346109D52B586B9100D02B7D /* Build configuration list for PBXNativeTarget "TriviaTests" */;
			buildPhases = (
				346109BA2B586B9100D02B7D /* Sources */,
				346109BB2B586B9100D02B7D /* Frameworks */,
				346109BC2B586B9100D02B7D /* Resources */,
			);
			buildRules = (
			);
			dependencies = (
				346109C02B586B9100D02B7D /* PBXTargetDependency */,
			);
			name = TriviaTests;
			productName = TriviaTests;
			productReference = 346109BE2B586B9100D02B7D /* TriviaTests.xctest */;
			productType = "com.apple.product-type.bundle.unit-test";
		};
		346109C72B586B9100D02B7D /* TriviaUITests */ = {
			isa = PBXNativeTarget;
			buildConfigurationList = 346109D82B586B9100D02B7D /* Build configuration list for PBXNativeTarget "TriviaUITests" */;
			buildPhases = (
				346109C42B586B9100D02B7D /* Sources */,
				346109C52B586B9100D02B7D /* Frameworks */,
				346109C62B586B9100D02B7D /* Resources */,
			);
			buildRules = (
			);
			dependencies = (
				346109CA2B586B9100D02B7D /* PBXTargetDependency */,
			);
			name = TriviaUITests;
			productName = TriviaUITests;
			productReference = 346109C82B586B9100D02B7D /* TriviaUITests.xctest */;
			productType = "com.apple.product-type.bundle.ui-testing";
		};
/* End PBXNativeTarget section */

/* Begin PBXProject section */
		346109A02B586B8F00D02B7D /* Project object */ = {
			isa = PBXProject;
			attributes = {
				BuildIndependentTargetsInParallel = 1;
				LastSwiftUpdateCheck = 1430;
				LastUpgradeCheck = 1430;
				TargetAttributes = {
					346109A72B586B8F00D02B7D = {
						CreatedOnToolsVersion = 14.3.1;
					};
					346109BD2B586B9100D02B7D = {
						CreatedOnToolsVersion = 14.3.1;
						TestTargetID = 346109A72B586B8F00D02B7D;
					};
					346109C72B586B9100D02B7D = {
						CreatedOnToolsVersion = 14.3.1;
						TestTargetID = 346109A72B586B8F00D02B7D;
					};
				};
			};
			buildConfigurationList = 346109A32B586B8F00D02B7D /* Build configuration list for PBXProject "Trivia" */;
			compatibilityVersion = "Xcode 14.0";
			developmentRegion = en;
			hasScannedForEncodings = 0;
			knownRegions = (
				en,
				Base,
			);
			mainGroup = 3461099F2B586B8F00D02B7D;
			productRefGroup = 346109A92B586B8F00D02B7D /* Products */;
			projectDirPath = "";
			projectRoot = "";
			targets = (
				346109A72B586B8F00D02B7D /* Trivia */,
				346109BD2B586B9100D02B7D /* TriviaTests */,
				346109C72B586B9100D02B7D /* TriviaUITests */,
			);
		};
/* End PBXProject section */

/* Begin PBXResourcesBuildPhase section */
		346109A62B586B8F00D02B7D /* Resources */ = {
			isa = PBXResourcesBuildPhase;
			buildActionMask = 2147483647;
			files = (
				346109B82B586B9000D02B7D /* LaunchScreen.storyboard in Resources */,
				346109B52B586B9000D02B7D /* Assets.xcassets in Resources */,
				346109B32B586B8F00D02B7D /* Main.storyboard in Resources */,
			);
			runOnlyForDeploymentPostprocessing = 0;
		};
		346109BC2B586B9100D02B7D /* Resources */ = {
			isa = PBXResourcesBuildPhase;
			buildActionMask = 2147483647;
			files = (
			);
			runOnlyForDeploymentPostprocessing = 0;
		};
		346109C62B586B9100D02B7D /* Resources */ = {
			isa = PBXResourcesBuildPhase;
			buildActionMask = 2147483647;
			files = (
			);
			runOnlyForDeploymentPostprocessing = 0;
		};
/* End PBXResourcesBuildPhase section */

/* Begin PBXSourcesBuildPhase section */
		346109A42B586B8F00D02B7D /* Sources */ = {
			isa = PBXSourcesBuildPhase;
			buildActionMask = 2147483647;
			files = (
				34A09EC42B62F17D0003C62A /* TriviaViewController.swift in Sources */,
				346109B02B586B8F00D02B7D /* ViewController.swift in Sources */,
				346109AC2B586B8F00D02B7D /* AppDelegate.swift in Sources */,
				34DDB4792B5B02DD00A7CED1 /* Trivia.swift in Sources */,
				346109AE2B586B8F00D02B7D /* SceneDelegate.swift in Sources */,
				342522552B6ADE5B006814B9 /* ResultsViewController.swift in Sources */,
			);
			runOnlyForDeploymentPostprocessing = 0;
		};
		346109BA2B586B9100D02B7D /* Sources */ = {
			isa = PBXSourcesBuildPhase;
			buildActionMask = 2147483647;
			files = (
				346109C32B586B9100D02B7D /* TriviaTests.swift in Sources */,
			);
			runOnlyForDeploymentPostprocessing = 0;
		};
		346109C42B586B9100D02B7D /* Sources */ = {
			isa = PBXSourcesBuildPhase;
			buildActionMask = 2147483647;
			files = (
				346109CD2B586B9100D02B7D /* TriviaUITests.swift in Sources */,
				346109CF2B586B9100D02B7D /* TriviaUITestsLaunchTests.swift in Sources */,
			);
			runOnlyForDeploymentPostprocessing = 0;
		};
/* End PBXSourcesBuildPhase section */

/* Begin PBXTargetDependency section */
		346109C02B586B9100D02B7D /* PBXTargetDependency */ = {
			isa = PBXTargetDependency;
			target = 346109A72B586B8F00D02B7D /* Trivia */;
			targetProxy = 346109BF2B586B9100D02B7D /* PBXContainerItemProxy */;
		};
		346109CA2B586B9100D02B7D /* PBXTargetDependency */ = {
			isa = PBXTargetDependency;
			target = 346109A72B586B8F00D02B7D /* Trivia */;
			targetProxy = 346109C92B586B9100D02B7D /* PBXContainerItemProxy */;
		};
/* End PBXTargetDependency section */

/* Begin PBXVariantGroup section */
		346109B12B586B8F00D02B7D /* Main.storyboard */ = {
			isa = PBXVariantGroup;
			children = (
				346109B22B586B8F00D02B7D /* Base */,
			);
			name = Main.storyboard;
			sourceTree = "<group>";
		};
		346109B62B586B9000D02B7D /* LaunchScreen.storyboard */ = {
			isa = PBXVariantGroup;
			children = (
				346109B72B586B9000D02B7D /* Base */,
			);
			name = LaunchScreen.storyboard;
			sourceTree = "<group>";
		};
/* End PBXVariantGroup section */

/* Begin XCBuildConfiguration section */
		346109D02B586B9100D02B7D /* Debug */ = {
			isa = XCBuildConfiguration;
			buildSettings = {
				ALWAYS_SEARCH_USER_PATHS = NO;
				CLANG_ANALYZER_NONNULL = YES;
				CLANG_ANALYZER_NUMBER_OBJECT_CONVERSION = YES_AGGRESSIVE;
				CLANG_CXX_LANGUAGE_STANDARD = "gnu++20";
				CLANG_ENABLE_MODULES = YES;
				CLANG_ENABLE_OBJC_ARC = YES;
				CLANG_ENABLE_OBJC_WEAK = YES;
				CLANG_WARN_BLOCK_CAPTURE_AUTORELEASING = YES;
				CLANG_WARN_BOOL_CONVERSION = YES;
				CLANG_WARN_COMMA = YES;
				CLANG_WARN_CONSTANT_CONVERSION = YES;
				CLANG_WARN_DEPRECATED_OBJC_IMPLEMENTATIONS = YES;
				CLANG_WARN_DIRECT_OBJC_ISA_USAGE = YES_ERROR;
				CLANG_WARN_DOCUMENTATION_COMMENTS = YES;
				CLANG_WARN_EMPTY_BODY = YES;
				CLANG_WARN_ENUM_CONVERSION = YES;
				CLANG_WARN_INFINITE_RECURSION = YES;
				CLANG_WARN_INT_CONVERSION = YES;
				CLANG_WARN_NON_LITERAL_NULL_CONVERSION = YES;
				CLANG_WARN_OBJC_IMPLICIT_RETAIN_SELF = YES;
				CLANG_WARN_OBJC_LITERAL_CONVERSION = YES;
				CLANG_WARN_OBJC_ROOT_CLASS = YES_ERROR;
				CLANG_WARN_QUOTED_INCLUDE_IN_FRAMEWORK_HEADER = YES;
				CLANG_WARN_RANGE_LOOP_ANALYSIS = YES;
				CLANG_WARN_STRICT_PROTOTYPES = YES;
				CLANG_WARN_SUSPICIOUS_MOVE = YES;
				CLANG_WARN_UNGUARDED_AVAILABILITY = YES_AGGRESSIVE;
				CLANG_WARN_UNREACHABLE_CODE = YES;
				CLANG_WARN__DUPLICATE_METHOD_MATCH = YES;
				COPY_PHASE_STRIP = NO;
				DEBUG_INFORMATION_FORMAT = dwarf;
				ENABLE_STRICT_OBJC_MSGSEND = YES;
				ENABLE_TESTABILITY = YES;
				GCC_C_LANGUAGE_STANDARD = gnu11;
				GCC_DYNAMIC_NO_PIC = NO;
				GCC_NO_COMMON_BLOCKS = YES;
				GCC_OPTIMIZATION_LEVEL = 0;
				GCC_PREPROCESSOR_DEFINITIONS = (
					"DEBUG=1",
					"$(inherited)",
				);
				GCC_WARN_64_TO_32_BIT_CONVERSION = YES;
				GCC_WARN_ABOUT_RETURN_TYPE = YES_ERROR;
				GCC_WARN_UNDECLARED_SELECTOR = YES;
				GCC_WARN_UNINITIALIZED_AUTOS = YES_AGGRESSIVE;
				GCC_WARN_UNUSED_FUNCTION = YES;
				GCC_WARN_UNUSED_VARIABLE = YES;
				IPHONEOS_DEPLOYMENT_TARGET = 16.4;
				MTL_ENABLE_DEBUG_INFO = INCLUDE_SOURCE;
				MTL_FAST_MATH = YES;
				ONLY_ACTIVE_ARCH = YES;
				SDKROOT = iphoneos;
				SWIFT_ACTIVE_COMPILATION_CONDITIONS = DEBUG;
				SWIFT_OPTIMIZATION_LEVEL = "-Onone";
			};
			name = Debug;
		};
		346109D12B586B9100D02B7D /* Release */ = {
			isa = XCBuildConfiguration;
			buildSettings = {
				ALWAYS_SEARCH_USER_PATHS = NO;
				CLANG_ANALYZER_NONNULL = YES;
				CLANG_ANALYZER_NUMBER_OBJECT_CONVERSION = YES_AGGRESSIVE;
				CLANG_CXX_LANGUAGE_STANDARD = "gnu++20";
				CLANG_ENABLE_MODULES = YES;
				CLANG_ENABLE_OBJC_ARC = YES;
				CLANG_ENABLE_OBJC_WEAK = YES;
				CLANG_WARN_BLOCK_CAPTURE_AUTORELEASING = YES;
				CLANG_WARN_BOOL_CONVERSION = YES;
				CLANG_WARN_COMMA = YES;
				CLANG_WARN_CONSTANT_CONVERSION = YES;
				CLANG_WARN_DEPRECATED_OBJC_IMPLEMENTATIONS = YES;
				CLANG_WARN_DIRECT_OBJC_ISA_USAGE = YES_ERROR;
				CLANG_WARN_DOCUMENTATION_COMMENTS = YES;
				CLANG_WARN_EMPTY_BODY = YES;
				CLANG_WARN_ENUM_CONVERSION = YES;
				CLANG_WARN_INFINITE_RECURSION = YES;
				CLANG_WARN_INT_CONVERSION = YES;
				CLANG_WARN_NON_LITERAL_NULL_CONVERSION = YES;
				CLANG_WARN_OBJC_IMPLICIT_RETAIN_SELF = YES;
				CLANG_WARN_OBJC_LITERAL_CONVERSION = YES;
				CLANG_WARN_OBJC_ROOT_CLASS = YES_ERROR;
				CLANG_WARN_QUOTED_INCLUDE_IN_FRAMEWORK_HEADER = YES;
				CLANG_WARN_RANGE_LOOP_ANALYSIS = YES;
				CLANG_WARN_STRICT_PROTOTYPES = YES;
				CLANG_WARN_SUSPICIOUS_MOVE = YES;
				CLANG_WARN_UNGUARDED_AVAILABILITY = YES_AGGRESSIVE;
				CLANG_WARN_UNREACHABLE_CODE = YES;
				CLANG_WARN__DUPLICATE_METHOD_MATCH = YES;
				COPY_PHASE_STRIP = NO;
				DEBUG_INFORMATION_FORMAT = "dwarf-with-dsym";
				ENABLE_NS_ASSERTIONS = NO;
				ENABLE_STRICT_OBJC_MSGSEND = YES;
				GCC_C_LANGUAGE_STANDARD = gnu11;
				GCC_NO_COMMON_BLOCKS = YES;
				GCC_WARN_64_TO_32_BIT_CONVERSION = YES;
				GCC_WARN_ABOUT_RETURN_TYPE = YES_ERROR;
				GCC_WARN_UNDECLARED_SELECTOR = YES;
				GCC_WARN_UNINITIALIZED_AUTOS = YES_AGGRESSIVE;
				GCC_WARN_UNUSED_FUNCTION = YES;
				GCC_WARN_UNUSED_VARIABLE = YES;
				IPHONEOS_DEPLOYMENT_TARGET = 16.4;
				MTL_ENABLE_DEBUG_INFO = NO;
				MTL_FAST_MATH = YES;
				SDKROOT = iphoneos;
				SWIFT_COMPILATION_MODE = wholemodule;
				SWIFT_OPTIMIZATION_LEVEL = "-O";
				VALIDATE_PRODUCT = YES;
			};
			name = Release;
		};
		346109D32B586B9100D02B7D /* Debug */ = {
			isa = XCBuildConfiguration;
			buildSettings = {
				ASSETCATALOG_COMPILER_APPICON_NAME = AppIcon;
				ASSETCATALOG_COMPILER_GLOBAL_ACCENT_COLOR_NAME = AccentColor;
				CODE_SIGN_STYLE = Automatic;
				CURRENT_PROJECT_VERSION = 1;
				GENERATE_INFOPLIST_FILE = YES;
				INFOPLIST_FILE = Trivia/Info.plist;
				INFOPLIST_KEY_UIApplicationSupportsIndirectInputEvents = YES;
				INFOPLIST_KEY_UILaunchStoryboardName = LaunchScreen;
				INFOPLIST_KEY_UIMainStoryboardFile = Main;
				INFOPLIST_KEY_UISupportedInterfaceOrientations_iPad = "UIInterfaceOrientationPortrait UIInterfaceOrientationPortraitUpsideDown UIInterfaceOrientationLandscapeLeft UIInterfaceOrientationLandscapeRight";
				INFOPLIST_KEY_UISupportedInterfaceOrientations_iPhone = "UIInterfaceOrientationPortrait UIInterfaceOrientationLandscapeLeft UIInterfaceOrientationLandscapeRight";
				LD_RUNPATH_SEARCH_PATHS = (
					"$(inherited)",
					"@executable_path/Frameworks",
				);
				MARKETING_VERSION = 1.0;
				PRODUCT_BUNDLE_IDENTIFIER = com.Example.Trivia;
				PRODUCT_NAME = "$(TARGET_NAME)";
				SWIFT_EMIT_LOC_STRINGS = YES;
				SWIFT_VERSION = 5.0;
				TARGETED_DEVICE_FAMILY = "1,2";
			};
			name = Debug;
		};
		346109D42B586B9100D02B7D /* Release */ = {
			isa = XCBuildConfiguration;
			buildSettings = {
				ASSETCATALOG_COMPILER_APPICON_NAME = AppIcon;
				ASSETCATALOG_COMPILER_GLOBAL_ACCENT_COLOR_NAME = AccentColor;
				CODE_SIGN_STYLE = Automatic;
				CURRENT_PROJECT_VERSION = 1;
				GENERATE_INFOPLIST_FILE = YES;
				INFOPLIST_FILE = Trivia/Info.plist;
				INFOPLIST_KEY_UIApplicationSupportsIndirectInputEvents = YES;
				INFOPLIST_KEY_UILaunchStoryboardName = LaunchScreen;
				INFOPLIST_KEY_UIMainStoryboardFile = Main;
				INFOPLIST_KEY_UISupportedInterfaceOrientations_iPad = "UIInterfaceOrientationPortrait UIInterfaceOrientationPortraitUpsideDown UIInterfaceOrientationLandscapeLeft UIInterfaceOrientationLandscapeRight";
				INFOPLIST_KEY_UISupportedInterfaceOrientations_iPhone = "UIInterfaceOrientationPortrait UIInterfaceOrientationLandscapeLeft UIInterfaceOrientationLandscapeRight";
				LD_RUNPATH_SEARCH_PATHS = (
					"$(inherited)",
					"@executable_path/Frameworks",
				);
				MARKETING_VERSION = 1.0;
				PRODUCT_BUNDLE_IDENTIFIER = com.Example.Trivia;
				PRODUCT_NAME = "$(TARGET_NAME)";
				SWIFT_EMIT_LOC_STRINGS = YES;
				SWIFT_VERSION = 5.0;
				TARGETED_DEVICE_FAMILY = "1,2";
			};
			name = Release;
		};
		346109D62B586B9100D02B7D /* Debug */ = {
			isa = XCBuildConfiguration;
			buildSettings = {
				ALWAYS_EMBED_SWIFT_STANDARD_LIBRARIES = YES;
				BUNDLE_LOADER = "$(TEST_HOST)";
				CODE_SIGN_STYLE = Automatic;
				CURRENT_PROJECT_VERSION = 1;
				GENERATE_INFOPLIST_FILE = YES;
				IPHONEOS_DEPLOYMENT_TARGET = 16.4;
				MARKETING_VERSION = 1.0;
				PRODUCT_BUNDLE_IDENTIFIER = com.Example.TriviaTests;
				PRODUCT_NAME = "$(TARGET_NAME)";
				SWIFT_EMIT_LOC_STRINGS = NO;
				SWIFT_VERSION = 5.0;
				TARGETED_DEVICE_FAMILY = "1,2";
				TEST_HOST = "$(BUILT_PRODUCTS_DIR)/Trivia.app/$(BUNDLE_EXECUTABLE_FOLDER_PATH)/Trivia";
			};
			name = Debug;
		};
		346109D72B586B9100D02B7D /* Release */ = {
			isa = XCBuildConfiguration;
			buildSettings = {
				ALWAYS_EMBED_SWIFT_STANDARD_LIBRARIES = YES;
				BUNDLE_LOADER = "$(TEST_HOST)";
				CODE_SIGN_STYLE = Automatic;
				CURRENT_PROJECT_VERSION = 1;
				GENERATE_INFOPLIST_FILE = YES;
				IPHONEOS_DEPLOYMENT_TARGET = 16.4;
				MARKETING_VERSION = 1.0;
				PRODUCT_BUNDLE_IDENTIFIER = com.Example.TriviaTests;
				PRODUCT_NAME = "$(TARGET_NAME)";
				SWIFT_EMIT_LOC_STRINGS = NO;
				SWIFT_VERSION = 5.0;
				TARGETED_DEVICE_FAMILY = "1,2";
				TEST_HOST = "$(BUILT_PRODUCTS_DIR)/Trivia.app/$(BUNDLE_EXECUTABLE_FOLDER_PATH)/Trivia";
			};
			name = Release;
		};
		346109D92B586B9100D02B7D /* Debug */ = {
			isa = XCBuildConfiguration;
			buildSettings = {
				ALWAYS_EMBED_SWIFT_STANDARD_LIBRARIES = YES;
				CODE_SIGN_STYLE = Automatic;
				CURRENT_PROJECT_VERSION = 1;
				GENERATE_INFOPLIST_FILE = YES;
				MARKETING_VERSION = 1.0;
				PRODUCT_BUNDLE_IDENTIFIER = com.Example.TriviaUITests;
				PRODUCT_NAME = "$(TARGET_NAME)";
				SWIFT_EMIT_LOC_STRINGS = NO;
				SWIFT_VERSION = 5.0;
				TARGETED_DEVICE_FAMILY = "1,2";
				TEST_TARGET_NAME = Trivia;
			};
			name = Debug;
		};
		346109DA2B586B9100D02B7D /* Release */ = {
			isa = XCBuildConfiguration;
			buildSettings = {
				ALWAYS_EMBED_SWIFT_STANDARD_LIBRARIES = YES;
				CODE_SIGN_STYLE = Automatic;
				CURRENT_PROJECT_VERSION = 1;
				GENERATE_INFOPLIST_FILE = YES;
				MARKETING_VERSION = 1.0;
				PRODUCT_BUNDLE_IDENTIFIER = com.Example.TriviaUITests;
				PRODUCT_NAME = "$(TARGET_NAME)";
				SWIFT_EMIT_LOC_STRINGS = NO;
				SWIFT_VERSION = 5.0;
				TARGETED_DEVICE_FAMILY = "1,2";
				TEST_TARGET_NAME = Trivia;
			};
			name = Release;
		};
/* End XCBuildConfiguration section */

/* Begin XCConfigurationList section */
		346109A32B586B8F00D02B7D /* Build configuration list for PBXProject "Trivia" */ = {
			isa = XCConfigurationList;
			buildConfigurations = (
				346109D02B586B9100D02B7D /* Debug */,
				346109D12B586B9100D02B7D /* Release */,
			);
			defaultConfigurationIsVisible = 0;
			defaultConfigurationName = Release;
		};
		346109D22B586B9100D02B7D /* Build configuration list for PBXNativeTarget "Trivia" */ = {
			isa = XCConfigurationList;
			buildConfigurations = (
				346109D32B586B9100D02B7D /* Debug */,
				346109D42B586B9100D02B7D /* Release */,
			);
			defaultConfigurationIsVisible = 0;
			defaultConfigurationName = Release;
		};
		346109D52B586B9100D02B7D /* Build configuration list for PBXNativeTarget "TriviaTests" */ = {
			isa = XCConfigurationList;
			buildConfigurations = (
				346109D62B586B9100D02B7D /* Debug */,
				346109D72B586B9100D02B7D /* Release */,
			);
			defaultConfigurationIsVisible = 0;
			defaultConfigurationName = Release;
		};
		346109D82B586B9100D02B7D /* Build configuration list for PBXNativeTarget "TriviaUITests" */ = {
			isa = XCConfigurationList;
			buildConfigurations = (
				346109D92B586B9100D02B7D /* Debug */,
				346109DA2B586B9100D02B7D /* Release */,
			);
			defaultConfigurationIsVisible = 0;
			defaultConfigurationName = Release;
		};
/* End XCConfigurationList section */
	};
	rootObject = 346109A02B586B8F00D02B7D /* Project object */;
}
